
Microsoft Visual Studio Solution File, Format Version 12.00
# Visual Studio 15
VisualStudioVersion = 15.0.28307.645
MinimumVisualStudioVersion = 10.0.40219.1
Project("{FAE04EC0-301F-11D3-BF4B-00C04F79EFBC}") = "App1_ConsultarCEP.Android", "App1_ConsultarCEP\App1_ConsultarCEP.Android\App1_ConsultarCEP.Android.csproj", "{59606F7C-A9DE-4EC1-896F-E045241CB7C8}"
EndProject
Project("{FAE04EC0-301F-11D3-BF4B-00C04F79EFBC}") = "App1_ConsultarCEP.iOS", "App1_ConsultarCEP\App1_ConsultarCEP.iOS\App1_ConsultarCEP.iOS.csproj", "{68FBA6A9-E98C-4DAB-961A-7839762EEFA4}"
EndProject
Project("{FAE04EC0-301F-11D3-BF4B-00C04F79EFBC}") = "App1_ConsultarCEP.UWP", "App1_ConsultarCEP\App1_ConsultarCEP.UWP\App1_ConsultarCEP.UWP.csproj", "{01F23B49-7E34-4819-B5F5-C08BD6722E87}"
EndProject
Project("{FAE04EC0-301F-11D3-BF4B-00C04F79EFBC}") = "App1_ConsultarCEP", "App1_ConsultarCEP\App1_ConsultarCEP\App1_ConsultarCEP.csproj", "{B36087DB-C61C-48AF-969C-76189672506E}"
EndProject
Global
	GlobalSection(SolutionConfigurationPlatforms) = preSolution
		Ad-Hoc|Any CPU = Ad-Hoc|Any CPU
		Ad-Hoc|ARM = Ad-Hoc|ARM
		Ad-Hoc|iPhone = Ad-Hoc|iPhone
		Ad-Hoc|iPhoneSimulator = Ad-Hoc|iPhoneSimulator
		Ad-Hoc|x64 = Ad-Hoc|x64
		Ad-Hoc|x86 = Ad-Hoc|x86
		AppStore|Any CPU = AppStore|Any CPU
		AppStore|ARM = AppStore|ARM
		AppStore|iPhone = AppStore|iPhone
		AppStore|iPhoneSimulator = AppStore|iPhoneSimulator
		AppStore|x64 = AppStore|x64
		AppStore|x86 = AppStore|x86
		Debug|Any CPU = Debug|Any CPU
		Debug|ARM = Debug|ARM
		Debug|iPhone = Debug|iPhone
		Debug|iPhoneSimulator = Debug|iPhoneSimulator
		Debug|x64 = Debug|x64
		Debug|x86 = Debug|x86
		Release|Any CPU = Release|Any CPU
		Release|ARM = Release|ARM
		Release|iPhone = Release|iPhone
		Release|iPhoneSimulator = Release|iPhoneSimulator
		Release|x64 = Release|x64
		Release|x86 = Release|x86
	EndGlobalSection
	GlobalSection(ProjectConfigurationPlatforms) = postSolution
		{59606F7C-A9DE-4EC1-896F-E045241CB7C8}.Ad-Hoc|Any CPU.ActiveCfg = Release|Any CPU
		{59606F7C-A9DE-4EC1-896F-E045241CB7C8}.Ad-Hoc|Any CPU.Build.0 = Release|Any CPU
		{59606F7C-A9DE-4EC1-896F-E045241CB7C8}.Ad-Hoc|Any CPU.Deploy.0 = Release|Any CPU
		{59606F7C-A9DE-4EC1-896F-E045241CB7C8}.Ad-Hoc|ARM.ActiveCfg = Release|Any CPU
		{59606F7C-A9DE-4EC1-896F-E045241CB7C8}.Ad-Hoc|ARM.Build.0 = Release|Any CPU
		{59606F7C-A9DE-4EC1-896F-E045241CB7C8}.Ad-Hoc|ARM.Deploy.0 = Release|Any CPU
		{59606F7C-A9DE-4EC1-896F-E045241CB7C8}.Ad-Hoc|iPhone.ActiveCfg = Release|Any CPU
		{59606F7C-A9DE-4EC1-896F-E045241CB7C8}.Ad-Hoc|iPhone.Build.0 = Release|Any CPU
		{59606F7C-A9DE-4EC1-896F-E045241CB7C8}.Ad-Hoc|iPhone.Deploy.0 = Release|Any CPU
		{59606F7C-A9DE-4EC1-896F-E045241CB7C8}.Ad-Hoc|iPhoneSimulator.ActiveCfg = Release|Any CPU
		{59606F7C-A9DE-4EC1-896F-E045241CB7C8}.Ad-Hoc|iPhoneSimulator.Build.0 = Release|Any CPU
		{59606F7C-A9DE-4EC1-896F-E045241CB7C8}.Ad-Hoc|iPhoneSimulator.Deploy.0 = Release|Any CPU
		{59606F7C-A9DE-4EC1-896F-E045241CB7C8}.Ad-Hoc|x64.ActiveCfg = Release|Any CPU
		{59606F7C-A9DE-4EC1-896F-E045241CB7C8}.Ad-Hoc|x64.Build.0 = Release|Any CPU
		{59606F7C-A9DE-4EC1-896F-E045241CB7C8}.Ad-Hoc|x64.Deploy.0 = Release|Any CPU
		{59606F7C-A9DE-4EC1-896F-E045241CB7C8}.Ad-Hoc|x86.ActiveCfg = Release|Any CPU
		{59606F7C-A9DE-4EC1-896F-E045241CB7C8}.Ad-Hoc|x86.Build.0 = Release|Any CPU
		{59606F7C-A9DE-4EC1-896F-E045241CB7C8}.Ad-Hoc|x86.Deploy.0 = Release|Any CPU
		{59606F7C-A9DE-4EC1-896F-E045241CB7C8}.AppStore|Any CPU.ActiveCfg = Release|Any CPU
		{59606F7C-A9DE-4EC1-896F-E045241CB7C8}.AppStore|Any CPU.Build.0 = Release|Any CPU
		{59606F7C-A9DE-4EC1-896F-E045241CB7C8}.AppStore|Any CPU.Deploy.0 = Release|Any CPU
		{59606F7C-A9DE-4EC1-896F-E045241CB7C8}.AppStore|ARM.ActiveCfg = Release|Any CPU
		{59606F7C-A9DE-4EC1-896F-E045241CB7C8}.AppStore|ARM.Build.0 = Release|Any CPU
		{59606F7C-A9DE-4EC1-896F-E045241CB7C8}.AppStore|ARM.Deploy.0 = Release|Any CPU
		{59606F7C-A9DE-4EC1-896F-E045241CB7C8}.AppStore|iPhone.ActiveCfg = Release|Any CPU
		{59606F7C-A9DE-4EC1-896F-E045241CB7C8}.AppStore|iPhone.Build.0 = Release|Any CPU
		{59606F7C-A9DE-4EC1-896F-E045241CB7C8}.AppStore|iPhone.Deploy.0 = Release|Any CPU
		{59606F7C-A9DE-4EC1-896F-E045241CB7C8}.AppStore|iPhoneSimulator.ActiveCfg = Release|Any CPU
		{59606F7C-A9DE-4EC1-896F-E045241CB7C8}.AppStore|iPhoneSimulator.Build.0 = Release|Any CPU
		{59606F7C-A9DE-4EC1-896F-E045241CB7C8}.AppStore|iPhoneSimulator.Deploy.0 = Release|Any CPU
		{59606F7C-A9DE-4EC1-896F-E045241CB7C8}.AppStore|x64.ActiveCfg = Release|Any CPU
		{59606F7C-A9DE-4EC1-896F-E045241CB7C8}.AppStore|x64.Build.0 = Release|Any CPU
		{59606F7C-A9DE-4EC1-896F-E045241CB7C8}.AppStore|x64.Deploy.0 = Release|Any CPU
		{59606F7C-A9DE-4EC1-896F-E045241CB7C8}.AppStore|x86.ActiveCfg = Release|Any CPU
		{59606F7C-A9DE-4EC1-896F-E045241CB7C8}.AppStore|x86.Build.0 = Release|Any CPU
		{59606F7C-A9DE-4EC1-896F-E045241CB7C8}.AppStore|x86.Deploy.0 = Release|Any CPU
		{59606F7C-A9DE-4EC1-896F-E045241CB7C8}.Debug|Any CPU.ActiveCfg = Debug|Any CPU
		{59606F7C-A9DE-4EC1-896F-E045241CB7C8}.Debug|Any CPU.Build.0 = Debug|Any CPU
		{59606F7C-A9DE-4EC1-896F-E045241CB7C8}.Debug|Any CPU.Deploy.0 = Debug|Any CPU
		{59606F7C-A9DE-4EC1-896F-E045241CB7C8}.Debug|ARM.ActiveCfg = Debug|Any CPU
		{59606F7C-A9DE-4EC1-896F-E045241CB7C8}.Debug|ARM.Build.0 = Debug|Any CPU
		{59606F7C-A9DE-4EC1-896F-E045241CB7C8}.Debug|ARM.Deploy.0 = Debug|Any CPU
		{59606F7C-A9DE-4EC1-896F-E045241CB7C8}.Debug|iPhone.ActiveCfg = Debug|Any CPU
		{59606F7C-A9DE-4EC1-896F-E045241CB7C8}.Debug|iPhone.Build.0 = Debug|Any CPU
		{59606F7C-A9DE-4EC1-896F-E045241CB7C8}.Debug|iPhone.Deploy.0 = Debug|Any CPU
		{59606F7C-A9DE-4EC1-896F-E045241CB7C8}.Debug|iPhoneSimulator.ActiveCfg = Debug|Any CPU
		{59606F7C-A9DE-4EC1-896F-E045241CB7C8}.Debug|iPhoneSimulator.Build.0 = Debug|Any CPU
		{59606F7C-A9DE-4EC1-896F-E045241CB7C8}.Debug|iPhoneSimulator.Deploy.0 = Debug|Any CPU
		{59606F7C-A9DE-4EC1-896F-E045241CB7C8}.Debug|x64.ActiveCfg = Debug|Any CPU
		{59606F7C-A9DE-4EC1-896F-E045241CB7C8}.Debug|x64.Build.0 = Debug|Any CPU
		{59606F7C-A9DE-4EC1-896F-E045241CB7C8}.Debug|x64.Deploy.0 = Debug|Any CPU
		{59606F7C-A9DE-4EC1-896F-E045241CB7C8}.Debug|x86.ActiveCfg = Debug|Any CPU
		{59606F7C-A9DE-4EC1-896F-E045241CB7C8}.Debug|x86.Build.0 = Debug|Any CPU
		{59606F7C-A9DE-4EC1-896F-E045241CB7C8}.Debug|x86.Deploy.0 = Debug|Any CPU
		{59606F7C-A9DE-4EC1-896F-E045241CB7C8}.Release|Any CPU.ActiveCfg = Release|Any CPU
		{59606F7C-A9DE-4EC1-896F-E045241CB7C8}.Release|Any CPU.Build.0 = Release|Any CPU
		{59606F7C-A9DE-4EC1-896F-E045241CB7C8}.Release|Any CPU.Deploy.0 = Release|Any CPU
		{59606F7C-A9DE-4EC1-896F-E045241CB7C8}.Release|ARM.ActiveCfg = Release|Any CPU
		{59606F7C-A9DE-4EC1-896F-E045241CB7C8}.Release|ARM.Build.0 = Release|Any CPU
		{59606F7C-A9DE-4EC1-896F-E045241CB7C8}.Release|ARM.Deploy.0 = Release|Any CPU
		{59606F7C-A9DE-4EC1-896F-E045241CB7C8}.Release|iPhone.ActiveCfg = Release|Any CPU
		{59606F7C-A9DE-4EC1-896F-E045241CB7C8}.Release|iPhone.Build.0 = Release|Any CPU
		{59606F7C-A9DE-4EC1-896F-E045241CB7C8}.Release|iPhone.Deploy.0 = Release|Any CPU
		{59606F7C-A9DE-4EC1-896F-E045241CB7C8}.Release|iPhoneSimulator.ActiveCfg = Release|Any CPU
		{59606F7C-A9DE-4EC1-896F-E045241CB7C8}.Release|iPhoneSimulator.Build.0 = Release|Any CPU
		{59606F7C-A9DE-4EC1-896F-E045241CB7C8}.Release|iPhoneSimulator.Deploy.0 = Release|Any CPU
		{59606F7C-A9DE-4EC1-896F-E045241CB7C8}.Release|x64.ActiveCfg = Release|Any CPU
		{59606F7C-A9DE-4EC1-896F-E045241CB7C8}.Release|x64.Build.0 = Release|Any CPU
		{59606F7C-A9DE-4EC1-896F-E045241CB7C8}.Release|x64.Deploy.0 = Release|Any CPU
		{59606F7C-A9DE-4EC1-896F-E045241CB7C8}.Release|x86.ActiveCfg = Release|Any CPU
		{59606F7C-A9DE-4EC1-896F-E045241CB7C8}.Release|x86.Build.0 = Release|Any CPU
		{59606F7C-A9DE-4EC1-896F-E045241CB7C8}.Release|x86.Deploy.0 = Release|Any CPU
		{68FBA6A9-E98C-4DAB-961A-7839762EEFA4}.Ad-Hoc|Any CPU.ActiveCfg = Ad-Hoc|iPhone
		{68FBA6A9-E98C-4DAB-961A-7839762EEFA4}.Ad-Hoc|Any CPU.Build.0 = Ad-Hoc|iPhone
		{68FBA6A9-E98C-4DAB-961A-7839762EEFA4}.Ad-Hoc|Any CPU.Deploy.0 = Ad-Hoc|iPhone
		{68FBA6A9-E98C-4DAB-961A-7839762EEFA4}.Ad-Hoc|ARM.ActiveCfg = Ad-Hoc|iPhone
		{68FBA6A9-E98C-4DAB-961A-7839762EEFA4}.Ad-Hoc|ARM.Build.0 = Ad-Hoc|iPhone
		{68FBA6A9-E98C-4DAB-961A-7839762EEFA4}.Ad-Hoc|ARM.Deploy.0 = Ad-Hoc|iPhone
		{68FBA6A9-E98C-4DAB-961A-7839762EEFA4}.Ad-Hoc|iPhone.ActiveCfg = Ad-Hoc|iPhone
		{68FBA6A9-E98C-4DAB-961A-7839762EEFA4}.Ad-Hoc|iPhone.Build.0 = Ad-Hoc|iPhone
		{68FBA6A9-E98C-4DAB-961A-7839762EEFA4}.Ad-Hoc|iPhone.Deploy.0 = Ad-Hoc|iPhone
		{68FBA6A9-E98C-4DAB-961A-7839762EEFA4}.Ad-Hoc|iPhoneSimulator.ActiveCfg = Ad-Hoc|iPhoneSimulator
		{68FBA6A9-E98C-4DAB-961A-7839762EEFA4}.Ad-Hoc|iPhoneSimulator.Build.0 = Ad-Hoc|iPhoneSimulator
		{68FBA6A9-E98C-4DAB-961A-7839762EEFA4}.Ad-Hoc|iPhoneSimulator.Deploy.0 = Ad-Hoc|iPhoneSimulator
		{68FBA6A9-E98C-4DAB-961A-7839762EEFA4}.Ad-Hoc|x64.ActiveCfg = Ad-Hoc|iPhone
		{68FBA6A9-E98C-4DAB-961A-7839762EEFA4}.Ad-Hoc|x64.Build.0 = Ad-Hoc|iPhone
		{68FBA6A9-E98C-4DAB-961A-7839762EEFA4}.Ad-Hoc|x64.Deploy.0 = Ad-Hoc|iPhone
		{68FBA6A9-E98C-4DAB-961A-7839762EEFA4}.Ad-Hoc|x86.ActiveCfg = Ad-Hoc|iPhone
		{68FBA6A9-E98C-4DAB-961A-7839762EEFA4}.Ad-Hoc|x86.Build.0 = Ad-Hoc|iPhone
		{68FBA6A9-E98C-4DAB-961A-7839762EEFA4}.Ad-Hoc|x86.Deploy.0 = Ad-Hoc|iPhone
		{68FBA6A9-E98C-4DAB-961A-7839762EEFA4}.AppStore|Any CPU.ActiveCfg = AppStore|iPhone
		{68FBA6A9-E98C-4DAB-961A-7839762EEFA4}.AppStore|Any CPU.Build.0 = AppStore|iPhone
		{68FBA6A9-E98C-4DAB-961A-7839762EEFA4}.AppStore|Any CPU.Deploy.0 = AppStore|iPhone
		{68FBA6A9-E98C-4DAB-961A-7839762EEFA4}.AppStore|ARM.ActiveCfg = AppStore|iPhone
		{68FBA6A9-E98C-4DAB-961A-7839762EEFA4}.AppStore|ARM.Build.0 = AppStore|iPhone
		{68FBA6A9-E98C-4DAB-961A-7839762EEFA4}.AppStore|ARM.Deploy.0 = AppStore|iPhone
		{68FBA6A9-E98C-4DAB-961A-7839762EEFA4}.AppStore|iPhone.ActiveCfg = AppStore|iPhone
		{68FBA6A9-E98C-4DAB-961A-7839762EEFA4}.AppStore|iPhone.Build.0 = AppStore|iPhone
		{68FBA6A9-E98C-4DAB-961A-7839762EEFA4}.AppStore|iPhone.Deploy.0 = AppStore|iPhone
		{68FBA6A9-E98C-4DAB-961A-7839762EEFA4}.AppStore|iPhoneSimulator.ActiveCfg = AppStore|iPhoneSimulator
		{68FBA6A9-E98C-4DAB-961A-7839762EEFA4}.AppStore|iPhoneSimulator.Build.0 = AppStore|iPhoneSimulator
		{68FBA6A9-E98C-4DAB-961A-7839762EEFA4}.AppStore|iPhoneSimulator.Deploy.0 = AppStore|iPhoneSimulator
		{68FBA6A9-E98C-4DAB-961A-7839762EEFA4}.AppStore|x64.ActiveCfg = AppStore|iPhone
		{68FBA6A9-E98C-4DAB-961A-7839762EEFA4}.AppStore|x64.Build.0 = AppStore|iPhone
		{68FBA6A9-E98C-4DAB-961A-7839762EEFA4}.AppStore|x64.Deploy.0 = AppStore|iPhone
		{68FBA6A9-E98C-4DAB-961A-7839762EEFA4}.AppStore|x86.ActiveCfg = AppStore|iPhone
		{68FBA6A9-E98C-4DAB-961A-7839762EEFA4}.AppStore|x86.Build.0 = AppStore|iPhone
		{68FBA6A9-E98C-4DAB-961A-7839762EEFA4}.AppStore|x86.Deploy.0 = AppStore|iPhone
		{68FBA6A9-E98C-4DAB-961A-7839762EEFA4}.Debug|Any CPU.ActiveCfg = Debug|iPhoneSimulator
		{68FBA6A9-E98C-4DAB-961A-7839762EEFA4}.Debug|Any CPU.Build.0 = Debug|iPhoneSimulator
		{68FBA6A9-E98C-4DAB-961A-7839762EEFA4}.Debug|Any CPU.Deploy.0 = Debug|iPhoneSimulator
		{68FBA6A9-E98C-4DAB-961A-7839762EEFA4}.Debug|ARM.ActiveCfg = Debug|iPhone
		{68FBA6A9-E98C-4DAB-961A-7839762EEFA4}.Debug|ARM.Build.0 = Debug|iPhone
		{68FBA6A9-E98C-4DAB-961A-7839762EEFA4}.Debug|ARM.Deploy.0 = Debug|iPhone
		{68FBA6A9-E98C-4DAB-961A-7839762EEFA4}.Debug|iPhone.ActiveCfg = Debug|iPhone
		{68FBA6A9-E98C-4DAB-961A-7839762EEFA4}.Debug|iPhone.Build.0 = Debug|iPhone
		{68FBA6A9-E98C-4DAB-961A-7839762EEFA4}.Debug|iPhone.Deploy.0 = Debug|iPhone
		{68FBA6A9-E98C-4DAB-961A-7839762EEFA4}.Debug|iPhoneSimulator.ActiveCfg = Debug|iPhoneSimulator
		{68FBA6A9-E98C-4DAB-961A-7839762EEFA4}.Debug|iPhoneSimulator.Build.0 = Debug|iPhoneSimulator
		{68FBA6A9-E98C-4DAB-961A-7839762EEFA4}.Debug|iPhoneSimulator.Deploy.0 = Debug|iPhoneSimulator
		{68FBA6A9-E98C-4DAB-961A-7839762EEFA4}.Debug|x64.ActiveCfg = Debug|iPhone
		{68FBA6A9-E98C-4DAB-961A-7839762EEFA4}.Debug|x64.Build.0 = Debug|iPhone
		{68FBA6A9-E98C-4DAB-961A-7839762EEFA4}.Debug|x64.Deploy.0 = Debug|iPhone
		{68FBA6A9-E98C-4DAB-961A-7839762EEFA4}.Debug|x86.ActiveCfg = Debug|iPhone
		{68FBA6A9-E98C-4DAB-961A-7839762EEFA4}.Debug|x86.Build.0 = Debug|iPhone
		{68FBA6A9-E98C-4DAB-961A-7839762EEFA4}.Debug|x86.Deploy.0 = Debug|iPhone
		{68FBA6A9-E98C-4DAB-961A-7839762EEFA4}.Release|Any CPU.ActiveCfg = Release|iPhone
		{68FBA6A9-E98C-4DAB-961A-7839762EEFA4}.Release|Any CPU.Build.0 = Release|iPhone
		{68FBA6A9-E98C-4DAB-961A-7839762EEFA4}.Release|Any CPU.Deploy.0 = Release|iPhone
		{68FBA6A9-E98C-4DAB-961A-7839762EEFA4}.Release|ARM.ActiveCfg = Release|iPhone
		{68FBA6A9-E98C-4DAB-961A-7839762EEFA4}.Release|ARM.Build.0 = Release|iPhone
		{68FBA6A9-E98C-4DAB-961A-7839762EEFA4}.Release|ARM.Deploy.0 = Release|iPhone
		{68FBA6A9-E98C-4DAB-961A-7839762EEFA4}.Release|iPhone.ActiveCfg = Release|iPhone
		{68FBA6A9-E98C-4DAB-961A-7839762EEFA4}.Release|iPhone.Build.0 = Release|iPhone
		{68FBA6A9-E98C-4DAB-961A-7839762EEFA4}.Release|iPhone.Deploy.0 = Release|iPhone
		{68FBA6A9-E98C-4DAB-961A-7839762EEFA4}.Release|iPhoneSimulator.ActiveCfg = Release|iPhoneSimulator
		{68FBA6A9-E98C-4DAB-961A-7839762EEFA4}.Release|iPhoneSimulator.Build.0 = Release|iPhoneSimulator
		{68FBA6A9-E98C-4DAB-961A-7839762EEFA4}.Release|iPhoneSimulator.Deploy.0 = Release|iPhoneSimulator
		{68FBA6A9-E98C-4DAB-961A-7839762EEFA4}.Release|x64.ActiveCfg = Release|iPhone
		{68FBA6A9-E98C-4DAB-961A-7839762EEFA4}.Release|x64.Build.0 = Release|iPhone
		{68FBA6A9-E98C-4DAB-961A-7839762EEFA4}.Release|x64.Deploy.0 = Release|iPhone
		{68FBA6A9-E98C-4DAB-961A-7839762EEFA4}.Release|x86.ActiveCfg = Release|iPhone
		{68FBA6A9-E98C-4DAB-961A-7839762EEFA4}.Release|x86.Build.0 = Release|iPhone
		{68FBA6A9-E98C-4DAB-961A-7839762EEFA4}.Release|x86.Deploy.0 = Release|iPhone
		{01F23B49-7E34-4819-B5F5-C08BD6722E87}.Ad-Hoc|Any CPU.ActiveCfg = Release|x86
		{01F23B49-7E34-4819-B5F5-C08BD6722E87}.Ad-Hoc|Any CPU.Build.0 = Release|x86
		{01F23B49-7E34-4819-B5F5-C08BD6722E87}.Ad-Hoc|Any CPU.Deploy.0 = Release|x86
		{01F23B49-7E34-4819-B5F5-C08BD6722E87}.Ad-Hoc|ARM.ActiveCfg = Release|ARM
		{01F23B49-7E34-4819-B5F5-C08BD6722E87}.Ad-Hoc|ARM.Build.0 = Release|ARM
		{01F23B49-7E34-4819-B5F5-C08BD6722E87}.Ad-Hoc|ARM.Deploy.0 = Release|ARM
		{01F23B49-7E34-4819-B5F5-C08BD6722E87}.Ad-Hoc|iPhone.ActiveCfg = Release|x86
		{01F23B49-7E34-4819-B5F5-C08BD6722E87}.Ad-Hoc|iPhone.Build.0 = Release|x86
		{01F23B49-7E34-4819-B5F5-C08BD6722E87}.Ad-Hoc|iPhone.Deploy.0 = Release|x86
		{01F23B49-7E34-4819-B5F5-C08BD6722E87}.Ad-Hoc|iPhoneSimulator.ActiveCfg = Release|x86
		{01F23B49-7E34-4819-B5F5-C08BD6722E87}.Ad-Hoc|iPhoneSimulator.Build.0 = Release|x86
		{01F23B49-7E34-4819-B5F5-C08BD6722E87}.Ad-Hoc|iPhoneSimulator.Deploy.0 = Release|x86
		{01F23B49-7E34-4819-B5F5-C08BD6722E87}.Ad-Hoc|x64.ActiveCfg = Release|x64
		{01F23B49-7E34-4819-B5F5-C08BD6722E87}.Ad-Hoc|x64.Build.0 = Release|x64
		{01F23B49-7E34-4819-B5F5-C08BD6722E87}.Ad-Hoc|x64.Deploy.0 = Release|x64
		{01F23B49-7E34-4819-B5F5-C08BD6722E87}.Ad-Hoc|x86.ActiveCfg = Release|x86
		{01F23B49-7E34-4819-B5F5-C08BD6722E87}.Ad-Hoc|x86.Build.0 = Release|x86
		{01F23B49-7E34-4819-B5F5-C08BD6722E87}.Ad-Hoc|x86.Deploy.0 = Release|x86
		{01F23B49-7E34-4819-B5F5-C08BD6722E87}.AppStore|Any CPU.ActiveCfg = Release|x86
		{01F23B49-7E34-4819-B5F5-C08BD6722E87}.AppStore|Any CPU.Build.0 = Release|x86
		{01F23B49-7E34-4819-B5F5-C08BD6722E87}.AppStore|Any CPU.Deploy.0 = Release|x86
		{01F23B49-7E34-4819-B5F5-C08BD6722E87}.AppStore|ARM.ActiveCfg = Release|ARM
		{01F23B49-7E34-4819-B5F5-C08BD6722E87}.AppStore|ARM.Build.0 = Release|ARM
		{01F23B49-7E34-4819-B5F5-C08BD6722E87}.AppStore|ARM.Deploy.0 = Release|ARM
		{01F23B49-7E34-4819-B5F5-C08BD6722E87}.AppStore|iPhone.ActiveCfg = Release|x86
		{01F23B49-7E34-4819-B5F5-C08BD6722E87}.AppStore|iPhone.Build.0 = Release|x86
		{01F23B49-7E34-4819-B5F5-C08BD6722E87}.AppStore|iPhone.Deploy.0 = Release|x86
		{01F23B49-7E34-4819-B5F5-C08BD6722E87}.AppStore|iPhoneSimulator.ActiveCfg = Release|x86
		{01F23B49-7E34-4819-B5F5-C08BD6722E87}.AppStore|iPhoneSimulator.Build.0 = Release|x86
		{01F23B49-7E34-4819-B5F5-C08BD6722E87}.AppStore|iPhoneSimulator.Deploy.0 = Release|x86
		{01F23B49-7E34-4819-B5F5-C08BD6722E87}.AppStore|x64.ActiveCfg = Release|x64
		{01F23B49-7E34-4819-B5F5-C08BD6722E87}.AppStore|x64.Build.0 = Release|x64
		{01F23B49-7E34-4819-B5F5-C08BD6722E87}.AppStore|x64.Deploy.0 = Release|x64
		{01F23B49-7E34-4819-B5F5-C08BD6722E87}.AppStore|x86.ActiveCfg = Release|x86
		{01F23B49-7E34-4819-B5F5-C08BD6722E87}.AppStore|x86.Build.0 = Release|x86
		{01F23B49-7E34-4819-B5F5-C08BD6722E87}.AppStore|x86.Deploy.0 = Release|x86
		{01F23B49-7E34-4819-B5F5-C08BD6722E87}.Debug|Any CPU.ActiveCfg = Debug|x86
		{01F23B49-7E34-4819-B5F5-C08BD6722E87}.Debug|Any CPU.Build.0 = Debug|x86
		{01F23B49-7E34-4819-B5F5-C08BD6722E87}.Debug|Any CPU.Deploy.0 = Debug|x86
		{01F23B49-7E34-4819-B5F5-C08BD6722E87}.Debug|ARM.ActiveCfg = Debug|ARM
		{01F23B49-7E34-4819-B5F5-C08BD6722E87}.Debug|ARM.Build.0 = Debug|ARM
		{01F23B49-7E34-4819-B5F5-C08BD6722E87}.Debug|ARM.Deploy.0 = Debug|ARM
		{01F23B49-7E34-4819-B5F5-C08BD6722E87}.Debug|iPhone.ActiveCfg = Debug|x86
		{01F23B49-7E34-4819-B5F5-C08BD6722E87}.Debug|iPhone.Build.0 = Debug|x86
		{01F23B49-7E34-4819-B5F5-C08BD6722E87}.Debug|iPhone.Deploy.0 = Debug|x86
		{01F23B49-7E34-4819-B5F5-C08BD6722E87}.Debug|iPhoneSimulator.ActiveCfg = Debug|x86
		{01F23B49-7E34-4819-B5F5-C08BD6722E87}.Debug|iPhoneSimulator.Build.0 = Debug|x86
		{01F23B49-7E34-4819-B5F5-C08BD6722E87}.Debug|iPhoneSimulator.Deploy.0 = Debug|x86
		{01F23B49-7E34-4819-B5F5-C08BD6722E87}.Debug|x64.ActiveCfg = Debug|x64
		{01F23B49-7E34-4819-B5F5-C08BD6722E87}.Debug|x64.Build.0 = Debug|x64
		{01F23B49-7E34-4819-B5F5-C08BD6722E87}.Debug|x64.Deploy.0 = Debug|x64
		{01F23B49-7E34-4819-B5F5-C08BD6722E87}.Debug|x86.ActiveCfg = Debug|x86
		{01F23B49-7E34-4819-B5F5-C08BD6722E87}.Debug|x86.Build.0 = Debug|x86
		{01F23B49-7E34-4819-B5F5-C08BD6722E87}.Debug|x86.Deploy.0 = Debug|x86
		{01F23B49-7E34-4819-B5F5-C08BD6722E87}.Release|Any CPU.ActiveCfg = Release|x86
		{01F23B49-7E34-4819-B5F5-C08BD6722E87}.Release|Any CPU.Build.0 = Release|x86
		{01F23B49-7E34-4819-B5F5-C08BD6722E87}.Release|Any CPU.Deploy.0 = Release|x86
		{01F23B49-7E34-4819-B5F5-C08BD6722E87}.Release|ARM.ActiveCfg = Release|ARM
		{01F23B49-7E34-4819-B5F5-C08BD6722E87}.Release|ARM.Build.0 = Release|ARM
		{01F23B49-7E34-4819-B5F5-C08BD6722E87}.Release|ARM.Deploy.0 = Release|ARM
		{01F23B49-7E34-4819-B5F5-C08BD6722E87}.Release|iPhone.ActiveCfg = Release|x86
		{01F23B49-7E34-4819-B5F5-C08BD6722E87}.Release|iPhone.Build.0 = Release|x86
		{01F23B49-7E34-4819-B5F5-C08BD6722E87}.Release|iPhone.Deploy.0 = Release|x86
		{01F23B49-7E34-4819-B5F5-C08BD6722E87}.Release|iPhoneSimulator.ActiveCfg = Release|x86
		{01F23B49-7E34-4819-B5F5-C08BD6722E87}.Release|iPhoneSimulator.Build.0 = Release|x86
		{01F23B49-7E34-4819-B5F5-C08BD6722E87}.Release|iPhoneSimulator.Deploy.0 = Release|x86
		{01F23B49-7E34-4819-B5F5-C08BD6722E87}.Release|x64.ActiveCfg = Release|x64
		{01F23B49-7E34-4819-B5F5-C08BD6722E87}.Release|x64.Build.0 = Release|x64
		{01F23B49-7E34-4819-B5F5-C08BD6722E87}.Release|x64.Deploy.0 = Release|x64
		{01F23B49-7E34-4819-B5F5-C08BD6722E87}.Release|x86.ActiveCfg = Release|x86
		{01F23B49-7E34-4819-B5F5-C08BD6722E87}.Release|x86.Build.0 = Release|x86
		{01F23B49-7E34-4819-B5F5-C08BD6722E87}.Release|x86.Deploy.0 = Release|x86
		{B36087DB-C61C-48AF-969C-76189672506E}.Ad-Hoc|Any CPU.ActiveCfg = Debug|Any CPU
		{B36087DB-C61C-48AF-969C-76189672506E}.Ad-Hoc|Any CPU.Build.0 = Debug|Any CPU
		{B36087DB-C61C-48AF-969C-76189672506E}.Ad-Hoc|Any CPU.Deploy.0 = Debug|Any CPU
		{B36087DB-C61C-48AF-969C-76189672506E}.Ad-Hoc|ARM.ActiveCfg = Debug|Any CPU
		{B36087DB-C61C-48AF-969C-76189672506E}.Ad-Hoc|ARM.Build.0 = Debug|Any CPU
		{B36087DB-C61C-48AF-969C-76189672506E}.Ad-Hoc|ARM.Deploy.0 = Debug|Any CPU
		{B36087DB-C61C-48AF-969C-76189672506E}.Ad-Hoc|iPhone.ActiveCfg = Debug|Any CPU
		{B36087DB-C61C-48AF-969C-76189672506E}.Ad-Hoc|iPhone.Build.0 = Debug|Any CPU
		{B36087DB-C61C-48AF-969C-76189672506E}.Ad-Hoc|iPhone.Deploy.0 = Debug|Any CPU
		{B36087DB-C61C-48AF-969C-76189672506E}.Ad-Hoc|iPhoneSimulator.ActiveCfg = Debug|Any CPU
		{B36087DB-C61C-48AF-969C-76189672506E}.Ad-Hoc|iPhoneSimulator.Build.0 = Debug|Any CPU
		{B36087DB-C61C-48AF-969C-76189672506E}.Ad-Hoc|iPhoneSimulator.Deploy.0 = Debug|Any CPU
		{B36087DB-C61C-48AF-969C-76189672506E}.Ad-Hoc|x64.ActiveCfg = Debug|Any CPU
		{B36087DB-C61C-48AF-969C-76189672506E}.Ad-Hoc|x64.Build.0 = Debug|Any CPU
		{B36087DB-C61C-48AF-969C-76189672506E}.Ad-Hoc|x64.Deploy.0 = Debug|Any CPU
		{B36087DB-C61C-48AF-969C-76189672506E}.Ad-Hoc|x86.ActiveCfg = Debug|Any CPU
		{B36087DB-C61C-48AF-969C-76189672506E}.Ad-Hoc|x86.Build.0 = Debug|Any CPU
		{B36087DB-C61C-48AF-969C-76189672506E}.Ad-Hoc|x86.Deploy.0 = Debug|Any CPU
		{B36087DB-C61C-48AF-969C-76189672506E}.AppStore|Any CPU.ActiveCfg = Debug|Any CPU
		{B36087DB-C61C-48AF-969C-76189672506E}.AppStore|Any CPU.Build.0 = Debug|Any CPU
		{B36087DB-C61C-48AF-969C-76189672506E}.AppStore|Any CPU.Deploy.0 = Debug|Any CPU
		{B36087DB-C61C-48AF-969C-76189672506E}.AppStore|ARM.ActiveCfg = Debug|Any CPU
		{B36087DB-C61C-48AF-969C-76189672506E}.AppStore|ARM.Build.0 = Debug|Any CPU
		{B36087DB-C61C-48AF-969C-76189672506E}.AppStore|ARM.Deploy.0 = Debug|Any CPU
		{B36087DB-C61C-48AF-969C-76189672506E}.AppStore|iPhone.ActiveCfg = Debug|Any CPU
		{B36087DB-C61C-48AF-969C-76189672506E}.AppStore|iPhone.Build.0 = Debug|Any CPU
		{B36087DB-C61C-48AF-969C-76189672506E}.AppStore|iPhone.Deploy.0 = Debug|Any CPU
		{B36087DB-C61C-48AF-969C-76189672506E}.AppStore|iPhoneSimulator.ActiveCfg = Debug|Any CPU
		{B36087DB-C61C-48AF-969C-76189672506E}.AppStore|iPhoneSimulator.Build.0 = Debug|Any CPU
		{B36087DB-C61C-48AF-969C-76189672506E}.AppStore|iPhoneSimulator.Deploy.0 = Debug|Any CPU
		{B36087DB-C61C-48AF-969C-76189672506E}.AppStore|x64.ActiveCfg = Debug|Any CPU
		{B36087DB-C61C-48AF-969C-76189672506E}.AppStore|x64.Build.0 = Debug|Any CPU
		{B36087DB-C61C-48AF-969C-76189672506E}.AppStore|x64.Deploy.0 = Debug|Any CPU
		{B36087DB-C61C-48AF-969C-76189672506E}.AppStore|x86.ActiveCfg = Debug|Any CPU
		{B36087DB-C61C-48AF-969C-76189672506E}.AppStore|x86.Build.0 = Debug|Any CPU
		{B36087DB-C61C-48AF-969C-76189672506E}.AppStore|x86.Deploy.0 = Debug|Any CPU
		{B36087DB-C61C-48AF-969C-76189672506E}.Debug|Any CPU.ActiveCfg = Debug|Any CPU
		{B36087DB-C61C-48AF-969C-76189672506E}.Debug|Any CPU.Build.0 = Debug|Any CPU
		{B36087DB-C61C-48AF-969C-76189672506E}.Debug|Any CPU.Deploy.0 = Debug|Any CPU
		{B36087DB-C61C-48AF-969C-76189672506E}.Debug|ARM.ActiveCfg = Debug|Any CPU
		{B36087DB-C61C-48AF-969C-76189672506E}.Debug|ARM.Build.0 = Debug|Any CPU
		{B36087DB-C61C-48AF-969C-76189672506E}.Debug|ARM.Deploy.0 = Debug|Any CPU
		{B36087DB-C61C-48AF-969C-76189672506E}.Debug|iPhone.ActiveCfg = Debug|Any CPU
		{B36087DB-C61C-48AF-969C-76189672506E}.Debug|iPhone.Build.0 = Debug|Any CPU
		{B36087DB-C61C-48AF-969C-76189672506E}.Debug|iPhone.Deploy.0 = Debug|Any CPU
		{B36087DB-C61C-48AF-969C-76189672506E}.Debug|iPhoneSimulator.ActiveCfg = Debug|Any CPU
		{B36087DB-C61C-48AF-969C-76189672506E}.Debug|iPhoneSimulator.Build.0 = Debug|Any CPU
		{B36087DB-C61C-48AF-969C-76189672506E}.Debug|iPhoneSimulator.Deploy.0 = Debug|Any CPU
		{B36087DB-C61C-48AF-969C-76189672506E}.Debug|x64.ActiveCfg = Debug|Any CPU
		{B36087DB-C61C-48AF-969C-76189672506E}.Debug|x64.Build.0 = Debug|Any CPU
		{B36087DB-C61C-48AF-969C-76189672506E}.Debug|x64.Deploy.0 = Debug|Any CPU
		{B36087DB-C61C-48AF-969C-76189672506E}.Debug|x86.ActiveCfg = Debug|Any CPU
		{B36087DB-C61C-48AF-969C-76189672506E}.Debug|x86.Build.0 = Debug|Any CPU
		{B36087DB-C61C-48AF-969C-76189672506E}.Debug|x86.Deploy.0 = Debug|Any CPU
		{B36087DB-C61C-48AF-969C-76189672506E}.Release|Any CPU.ActiveCfg = Release|Any CPU
		{B36087DB-C61C-48AF-969C-76189672506E}.Release|Any CPU.Build.0 = Release|Any CPU
		{B36087DB-C61C-48AF-969C-76189672506E}.Release|Any CPU.Deploy.0 = Release|Any CPU
		{B36087DB-C61C-48AF-969C-76189672506E}.Release|ARM.ActiveCfg = Release|Any CPU
		{B36087DB-C61C-48AF-969C-76189672506E}.Release|ARM.Build.0 = Release|Any CPU
		{B36087DB-C61C-48AF-969C-76189672506E}.Release|ARM.Deploy.0 = Release|Any CPU
		{B36087DB-C61C-48AF-969C-76189672506E}.Release|iPhone.ActiveCfg = Release|Any CPU
		{B36087DB-C61C-48AF-969C-76189672506E}.Release|iPhone.Build.0 = Release|Any CPU
		{B36087DB-C61C-48AF-969C-76189672506E}.Release|iPhone.Deploy.0 = Release|Any CPU
		{B36087DB-C61C-48AF-969C-76189672506E}.Release|iPhoneSimulator.ActiveCfg = Release|Any CPU
		{B36087DB-C61C-48AF-969C-76189672506E}.Release|iPhoneSimulator.Build.0 = Release|Any CPU
		{B36087DB-C61C-48AF-969C-76189672506E}.Release|iPhoneSimulator.Deploy.0 = Release|Any CPU
		{B36087DB-C61C-48AF-969C-76189672506E}.Release|x64.ActiveCfg = Release|Any CPU
		{B36087DB-C61C-48AF-969C-76189672506E}.Release|x64.Build.0 = Release|Any CPU
		{B36087DB-C61C-48AF-969C-76189672506E}.Release|x64.Deploy.0 = Release|Any CPU
		{B36087DB-C61C-48AF-969C-76189672506E}.Release|x86.ActiveCfg = Release|Any CPU
		{B36087DB-C61C-48AF-969C-76189672506E}.Release|x86.Build.0 = Release|Any CPU
		{B36087DB-C61C-48AF-969C-76189672506E}.Release|x86.Deploy.0 = Release|Any CPU
	EndGlobalSection
	GlobalSection(SolutionProperties) = preSolution
		HideSolutionNode = FALSE
	EndGlobalSection
	GlobalSection(ExtensibilityGlobals) = postSolution
		SolutionGuid = {3D54A4EB-173D-45FE-9C3A-46B4D69C0B4A}
	EndGlobalSection
EndGlobal
